<?xml version="1.0" encoding="utf-8"?>
<Project ToolsVersion="4.0" xmlns="http://schemas.microsoft.com/developer/msbuild/2003">
  <ItemGroup>
    <Filter Include="Source Files">
      <UniqueIdentifier>{4FC737F1-C7A5-4376-A066-2A32D752A2FF}</UniqueIdentifier>
      <Extensions>cpp;c;cc;cxx;c++;cppm;ixx;def;odl;idl;hpj;bat;asm;asmx</Extensions>
    </Filter>
    <Filter Include="Header Files">
      <UniqueIdentifier>{93995380-89BD-4b04-88EB-625FBE52EBFB}</UniqueIdentifier>
      <Extensions>h;hh;hpp;hxx;h++;hm;inl;inc;ipp;xsd</Extensions>
    </Filter>
    <Filter Include="Resource Files">
      <UniqueIdentifier>{67DA6AB6-F800-4c08-8B7A-83BB121AAD01}</UniqueIdentifier>
      <Extensions>rc;ico;cur;bmp;dlg;rc2;rct;bin;rgs;gif;jpg;jpeg;jpe;resx;tiff;tif;png;wav;mfcribbon-ms</Extensions>
    </Filter>
    <Filter Include="Header Files\DB">
      <UniqueIdentifier>{2e61a700-b9cd-4b20-afe2-ee77eb02041f}</UniqueIdentifier>
    </Filter>
    <Filter Include="Resource Files\DB">
      <UniqueIdentifier>{8be8e910-5e4b-4507-a655-2817cb5d17ac}</UniqueIdentifier>
    </Filter>
    <Filter Include="Header Files\Handlers">
      <UniqueIdentifier>{9ffde00c-045a-4ca9-917f-a65fbe6f6996}</UniqueIdentifier>
    </Filter>
    <Filter Include="Header Files\Deserialize and serialize">
      <UniqueIdentifier>{5ac3d1ff-243c-43c0-b8bc-6e2f2788c8f0}</UniqueIdentifier>
    </Filter>
    <Filter Include="Header Files\Managers">
      <UniqueIdentifier>{800d25a2-5864-4e73-a15b-e4bed0275063}</UniqueIdentifier>
    </Filter>
    <Filter Include="Header Files\Utilities">
      <UniqueIdentifier>{6a55c346-3834-4935-aa46-5b4c5fcb745e}</UniqueIdentifier>
    </Filter>
    <Filter Include="Header Files\MT Server">
      <UniqueIdentifier>{d751d491-970e-4431-a0bc-ac372d3372a0}</UniqueIdentifier>
    </Filter>
    <Filter Include="Resource Files\MT Server">
      <UniqueIdentifier>{7fc5e500-8e91-49bc-8bd3-3a68b2c829e3}</UniqueIdentifier>
    </Filter>
    <Filter Include="Resource Files\Utilities">
      <UniqueIdentifier>{16b34966-d848-4a65-ac9a-4414a6012179}</UniqueIdentifier>
    </Filter>
    <Filter Include="Resource Files\Handlers">
      <UniqueIdentifier>{819f6f9f-eca9-40b8-b37d-7b8524e5045e}</UniqueIdentifier>
    </Filter>
    <Filter Include="Resource Files\Managers">
      <UniqueIdentifier>{932ec920-9d53-42e1-8dfc-a59e1bb379f4}</UniqueIdentifier>
    </Filter>
    <Filter Include="Resource Files\Deserialize and serialize">
      <UniqueIdentifier>{2667b389-46b4-4f39-90f0-ec2675c02719}</UniqueIdentifier>
    </Filter>
    <Filter Include="Header Files\Exceptions">
      <UniqueIdentifier>{5364538d-b801-4e7e-95e8-73d5574fc445}</UniqueIdentifier>
    </Filter>
    <Filter Include="Header Files\Messages">
      <UniqueIdentifier>{1e16ace1-4d44-45fc-b389-2ecdfdce43e3}</UniqueIdentifier>
    </Filter>
    <Filter Include="Resource Files\Exceptions">
      <UniqueIdentifier>{36b36fe3-5a29-4d37-86e2-1fb0cc12fa7d}</UniqueIdentifier>
    </Filter>
    <Filter Include="Resource Files\exceptions">
      <UniqueIdentifier>{344e9ac0-e191-48b9-9a40-73a5f8915e90}</UniqueIdentifier>
    </Filter>
    <Filter Include="Resource Files\Messages">
      <UniqueIdentifier>{f8b344ab-1743-4993-8d8b-e34969c2fdf1}</UniqueIdentifier>
    </Filter>
  </ItemGroup>
  <ItemGroup>
    <ClCompile Include="main.cpp">
      <Filter>Source Files</Filter>
    </ClCompile>
    <ClCompile Include="SqliteDatabase.cpp">
      <Filter>Resource Files\DB</Filter>
    </ClCompile>
    <ClCompile Include="SqliteUtilities.cpp">
      <Filter>Resource Files\DB</Filter>
    </ClCompile>
    <ClCompile Include="sqlite3.c">
      <Filter>Resource Files\DB</Filter>
    </ClCompile>
    <ClCompile Include="Communicator.cpp">
      <Filter>Resource Files\MT Server</Filter>
    </ClCompile>
    <ClCompile Include="Server.cpp">
      <Filter>Resource Files\MT Server</Filter>
    </ClCompile>
    <ClCompile Include="WSAInitializer.cpp">
      <Filter>Resource Files\MT Server</Filter>
    </ClCompile>
    <ClCompile Include="FileUtilities.cpp">
      <Filter>Resource Files\Utilities</Filter>
    </ClCompile>
    <ClCompile Include="StringUtilities.cpp">
      <Filter>Resource Files\Utilities</Filter>
    </ClCompile>
    <ClCompile Include="LoginRequestHandler.cpp">
      <Filter>Resource Files\Handlers</Filter>
    </ClCompile>
    <ClCompile Include="RequestHandlerFactory.cpp">
      <Filter>Resource Files\Handlers</Filter>
    </ClCompile>
    <ClCompile Include="LoginManager.cpp">
      <Filter>Resource Files\Managers</Filter>
    </ClCompile>
    <ClCompile Include="LoggedUser.cpp">
      <Filter>Resource Files\Managers</Filter>
    </ClCompile>
    <ClCompile Include="BufferDeserializer.cpp">
      <Filter>Resource Files\Deserialize and serialize</Filter>
    </ClCompile>
    <ClCompile Include="JsonRequestPacketDeserializer.cpp">
      <Filter>Resource Files\Deserialize and serialize</Filter>
    </ClCompile>
    <ClCompile Include="JsonRequestPacketSerializer.cpp">
      <Filter>Resource Files\Deserialize and serialize</Filter>
    </ClCompile>
    <ClCompile Include="Room.cpp">
      <Filter>Resource Files\Managers</Filter>
    </ClCompile>
    <ClCompile Include="messageException.cpp">
      <Filter>Resource Files\exceptions</Filter>
    </ClCompile>
    <ClCompile Include="StatisticsManager.cpp">
      <Filter>Resource Files\Managers</Filter>
    </ClCompile>
    <ClCompile Include="RoomManager.cpp">
      <Filter>Resource Files\Managers</Filter>
    </ClCompile>
    <ClCompile Include="Room.cpp">
      <Filter>Resource Files\Managers</Filter>
    </ClCompile>
    <ClCompile Include="MenuRequestHandler.cpp">
      <Filter>Resource Files\Handlers</Filter>
    </ClCompile>
    <ClCompile Include="QuizManager.cpp">
      <Filter>Resource Files\Managers</Filter>
    </ClCompile>
    <ClCompile Include="HistoryManager.cpp">
      <Filter>Resource Files\Managers</Filter>
    </ClCompile>
    <ClCompile Include="History.cpp">
      <Filter>Resource Files\Managers</Filter>
    </ClCompile>
    <ClCompile Include="RoomMemberRequestHandler.cpp">
      <Filter>Resource Files\Handlers</Filter>
    </ClCompile>
    <ClCompile Include="RoomAdminRequestHandler.cpp">
      <Filter>Resource Files\Handlers</Filter>
    </ClCompile>
    <ClCompile Include="Response.cpp">
      <Filter>Resource Files\Messages</Filter>
    </ClCompile>
    <ClCompile Include="GameRequestHandler.cpp">
      <Filter>Resource Files\Handlers</Filter>
    </ClCompile>
    <ClCompile Include="Game.cpp">
      <Filter>Resource Files\Managers</Filter>
    </ClCompile>
    <ClCompile Include="GameManager.cpp">
      <Filter>Resource Files\Managers</Filter>
    </ClCompile>
    <ClCompile Include="Question.cpp">
      <Filter>Resource Files\Managers</Filter>
    </ClCompile>
  </ItemGroup>
  <ItemGroup>
    <ClInclude Include="IDatabase.h">
      <Filter>Header Files\DB</Filter>
    </ClInclude>
    <ClInclude Include="SqliteDatabase.h">
      <Filter>Header Files\DB</Filter>
    </ClInclude>
    <ClInclude Include="SqliteUtilities.h">
      <Filter>Header Files\DB</Filter>
    </ClInclude>
    <ClInclude Include="sqlite3.h">
      <Filter>Header Files\DB</Filter>
    </ClInclude>
    <ClInclude Include="IRequestHandler.h">
      <Filter>Header Files\Handlers</Filter>
    </ClInclude>
    <ClInclude Include="LoginRequestHandler.h">
      <Filter>Header Files\Handlers</Filter>
    </ClInclude>
    <ClInclude Include="MenuRequestHandler.h">
      <Filter>Header Files\Handlers</Filter>
    </ClInclude>
    <ClInclude Include="RequestHandlerFactory.h">
      <Filter>Header Files\Handlers</Filter>
    </ClInclude>
    <ClInclude Include="BufferDeserializer.hpp">
      <Filter>Header Files\Deserialize and serialize</Filter>
    </ClInclude>
    <ClInclude Include="JsonRequestPacketDeserializer.h">
      <Filter>Header Files\Deserialize and serialize</Filter>
    </ClInclude>
    <ClInclude Include="JsonRequestPacketSerializer.hpp">
      <Filter>Header Files\Deserialize and serialize</Filter>
    </ClInclude>
    <ClInclude Include="LoginManager.h">
      <Filter>Header Files\Managers</Filter>
    </ClInclude>
    <ClInclude Include="StringUtilities.h">
      <Filter>Header Files\Utilities</Filter>
    </ClInclude>
    <ClInclude Include="FileUtilities.h">
      <Filter>Header Files\Utilities</Filter>
    </ClInclude>
    <ClInclude Include="Communicator.h">
      <Filter>Header Files\MT Server</Filter>
    </ClInclude>
    <ClInclude Include="Server.h">
      <Filter>Header Files\MT Server</Filter>
    </ClInclude>
    <ClInclude Include="WSAInitializer.h">
      <Filter>Header Files\MT Server</Filter>
    </ClInclude>
    <ClInclude Include="LoggedUser.h">
      <Filter>Header Files\Managers</Filter>
    </ClInclude>
    <ClInclude Include="json.hpp">
      <Filter>Header Files\Utilities</Filter>
    </ClInclude>
    <ClInclude Include="Request.h">
      <Filter>Header Files\Messages</Filter>
    </ClInclude>
    <ClInclude Include="messageException.h">
      <Filter>Header Files\Exceptions</Filter>
    </ClInclude>
    <ClInclude Include="Room.h">
      <Filter>Header Files\Managers</Filter>
    </ClInclude>
    <ClInclude Include="Response.h">
      <Filter>Header Files\Messages</Filter>
    </ClInclude>
    <ClInclude Include="StatisticsManager.h">
      <Filter>Header Files\Managers</Filter>
    </ClInclude>
    <ClInclude Include="StatisticsManager.h">
      <Filter>Header Files\Managers</Filter>
    </ClInclude>
    <ClInclude Include="RoomManager.h">
      <Filter>Header Files\Managers</Filter>
    </ClInclude>
    <ClInclude Include="Room.h">
      <Filter>Header Files\Managers</Filter>
    </ClInclude>
    <ClInclude Include="QuizManager.h">
      <Filter>Header Files\Managers</Filter>
    </ClInclude>
    <ClInclude Include="HistoryManager.h">
      <Filter>Header Files\Managers</Filter>
    </ClInclude>
    <ClInclude Include="History.h">
      <Filter>Header Files\Managers</Filter>
    </ClInclude>
    <ClInclude Include="RoomAdminRequestHandler.h">
      <Filter>Header Files\Handlers</Filter>
    </ClInclude>
    <ClInclude Include="RoomMemberRequestHandler.h">
      <Filter>Header Files\Handlers</Filter>
    </ClInclude>
    <ClInclude Include="GameRequestHandler.h">
      <Filter>Header Files\Handlers</Filter>
    </ClInclude>
    <ClInclude Include="Game.h">
      <Filter>Header Files\Managers</Filter>
    </ClInclude>
    <ClInclude Include="GameManager.h">
      <Filter>Header Files\Managers</Filter>
    </ClInclude>
    <ClInclude Include="Question.h">
      <Filter>Header Files\Managers</Filter>
    </ClInclude>
  </ItemGroup>
</Project>